// !$*UTF8*$!
{
	archiveVersion = 1;
	classes = {
	};
	objectVersion = 46;
	objects = {

/* Begin PBXBuildFile section */
		4AFF9B975817E102AB53F87E /* libPods-Clicker.a in Frameworks */ = {isa = PBXBuildFile; fileRef = 1CE58A73FB32607A06615529 /* libPods-Clicker.a */; };
		A215C0401B8CD7DA0078BE6C /* main.m in Sources */ = {isa = PBXBuildFile; fileRef = A215C03F1B8CD7DA0078BE6C /* main.m */; };
		A215C0431B8CD7DA0078BE6C /* CLAppDelegate.m in Sources */ = {isa = PBXBuildFile; fileRef = A215C0421B8CD7DA0078BE6C /* CLAppDelegate.m */; };
		A215C0461B8CD7DA0078BE6C /* CLGameViewController.m in Sources */ = {isa = PBXBuildFile; fileRef = A215C0451B8CD7DA0078BE6C /* CLGameViewController.m */; };
		A215C0491B8CD7DA0078BE6C /* Main.storyboard in Resources */ = {isa = PBXBuildFile; fileRef = A215C0471B8CD7DA0078BE6C /* Main.storyboard */; };
		A215C04B1B8CD7DA0078BE6C /* Images.xcassets in Resources */ = {isa = PBXBuildFile; fileRef = A215C04A1B8CD7DA0078BE6C /* Images.xcassets */; };
		A215C04E1B8CD7DA0078BE6C /* LaunchScreen.xib in Resources */ = {isa = PBXBuildFile; fileRef = A215C04C1B8CD7DA0078BE6C /* LaunchScreen.xib */; };
		A215C05A1B8CD7DA0078BE6C /* ClickerTests.m in Sources */ = {isa = PBXBuildFile; fileRef = A215C0591B8CD7DA0078BE6C /* ClickerTests.m */; };
		A23C73B11B8F09F100D49F9F /* CLGameManager.m in Sources */ = {isa = PBXBuildFile; fileRef = A23C73B01B8F09F100D49F9F /* CLGameManager.m */; };
		A23C73BD1B8F21AC00D49F9F /* Podfile in Resources */ = {isa = PBXBuildFile; fileRef = A23C73BC1B8F21AC00D49F9F /* Podfile */; };
		A254B8C21B8E318300D9235E /* CLAnimatedLabel.m in Sources */ = {isa = PBXBuildFile; fileRef = A254B8C11B8E318300D9235E /* CLAnimatedLabel.m */; };
		A256F4541B8E60C60060FAC8 /* LevelsList.plist in Resources */ = {isa = PBXBuildFile; fileRef = A256F4531B8E60C60060FAC8 /* LevelsList.plist */; };
		A27AD2851B8E39A800882B62 /* Halo.ttf in Resources */ = {isa = PBXBuildFile; fileRef = A27AD2841B8E39A800882B62 /* Halo.ttf */; };
		A2DD52911B8DCFFD000AAABF /* CLLevelsInfoViewController.m in Sources */ = {isa = PBXBuildFile; fileRef = A2DD52901B8DCFFD000AAABF /* CLLevelsInfoViewController.m */; };
/* End PBXBuildFile section */

/* Begin PBXContainerItemProxy section */
		A215C0541B8CD7DA0078BE6C /* PBXContainerItemProxy */ = {
			isa = PBXContainerItemProxy;
			containerPortal = A215C0321B8CD7D90078BE6C /* Project object */;
			proxyType = 1;
			remoteGlobalIDString = A215C0391B8CD7D90078BE6C;
			remoteInfo = Clicker;
		};
/* End PBXContainerItemProxy section */

/* Begin PBXFileReference section */
		0F4A0B3CA4CC1EB8E9B1325E /* Pods-Clicker.debug.xcconfig */ = {isa = PBXFileReference; includeInIndex = 1; lastKnownFileType = text.xcconfig; name = "Pods-Clicker.debug.xcconfig"; path = "Pods/Target Support Files/Pods-Clicker/Pods-Clicker.debug.xcconfig"; sourceTree = "<group>"; };
		1CE58A73FB32607A06615529 /* libPods-Clicker.a */ = {isa = PBXFileReference; explicitFileType = archive.ar; includeInIndex = 0; path = "libPods-Clicker.a"; sourceTree = BUILT_PRODUCTS_DIR; };
		989ACD256FB3F98871498D6A /* Pods-Clicker.release.xcconfig */ = {isa = PBXFileReference; includeInIndex = 1; lastKnownFileType = text.xcconfig; name = "Pods-Clicker.release.xcconfig"; path = "Pods/Target Support Files/Pods-Clicker/Pods-Clicker.release.xcconfig"; sourceTree = "<group>"; };
		A215C03A1B8CD7D90078BE6C /* Clicker.app */ = {isa = PBXFileReference; explicitFileType = wrapper.application; includeInIndex = 0; path = Clicker.app; sourceTree = BUILT_PRODUCTS_DIR; };
		A215C03E1B8CD7DA0078BE6C /* Info.plist */ = {isa = PBXFileReference; lastKnownFileType = text.plist.xml; path = Info.plist; sourceTree = "<group>"; };
		A215C03F1B8CD7DA0078BE6C /* main.m */ = {isa = PBXFileReference; lastKnownFileType = sourcecode.c.objc; path = main.m; sourceTree = "<group>"; };
		A215C0411B8CD7DA0078BE6C /* CLAppDelegate.h */ = {isa = PBXFileReference; lastKnownFileType = sourcecode.c.h; path = CLAppDelegate.h; sourceTree = "<group>"; };
		A215C0421B8CD7DA0078BE6C /* CLAppDelegate.m */ = {isa = PBXFileReference; lastKnownFileType = sourcecode.c.objc; path = CLAppDelegate.m; sourceTree = "<group>"; };
		A215C0441B8CD7DA0078BE6C /* CLGameViewController.h */ = {isa = PBXFileReference; lastKnownFileType = sourcecode.c.h; path = CLGameViewController.h; sourceTree = "<group>"; };
		A215C0451B8CD7DA0078BE6C /* CLGameViewController.m */ = {isa = PBXFileReference; lastKnownFileType = sourcecode.c.objc; path = CLGameViewController.m; sourceTree = "<group>"; };
		A215C0481B8CD7DA0078BE6C /* Base */ = {isa = PBXFileReference; lastKnownFileType = file.storyboard; name = Base; path = Base.lproj/Main.storyboard; sourceTree = "<group>"; };
		A215C04A1B8CD7DA0078BE6C /* Images.xcassets */ = {isa = PBXFileReference; lastKnownFileType = folder.assetcatalog; path = Images.xcassets; sourceTree = "<group>"; };
		A215C04D1B8CD7DA0078BE6C /* Base */ = {isa = PBXFileReference; lastKnownFileType = file.xib; name = Base; path = Base.lproj/LaunchScreen.xib; sourceTree = "<group>"; };
		A215C0531B8CD7DA0078BE6C /* ClickerTests.xctest */ = {isa = PBXFileReference; explicitFileType = wrapper.cfbundle; includeInIndex = 0; path = ClickerTests.xctest; sourceTree = BUILT_PRODUCTS_DIR; };
		A215C0581B8CD7DA0078BE6C /* Info.plist */ = {isa = PBXFileReference; lastKnownFileType = text.plist.xml; path = Info.plist; sourceTree = "<group>"; };
		A215C0591B8CD7DA0078BE6C /* ClickerTests.m */ = {isa = PBXFileReference; lastKnownFileType = sourcecode.c.objc; path = ClickerTests.m; sourceTree = "<group>"; };
		A23C73AF1B8F09F100D49F9F /* CLGameManager.h */ = {isa = PBXFileReference; fileEncoding = 4; lastKnownFileType = sourcecode.c.h; name = CLGameManager.h; path = Logic/GameManager/CLGameManager.h; sourceTree = "<group>"; };
		A23C73B01B8F09F100D49F9F /* CLGameManager.m */ = {isa = PBXFileReference; fileEncoding = 4; lastKnownFileType = sourcecode.c.objc; name = CLGameManager.m; path = Logic/GameManager/CLGameManager.m; sourceTree = "<group>"; };
		A23C73B31B8F1E3800D49F9F /* CLGameConstants.h */ = {isa = PBXFileReference; lastKnownFileType = sourcecode.c.h; name = CLGameConstants.h; path = Logic/CLGameConstants.h; sourceTree = "<group>"; };
		A23C73BC1B8F21AC00D49F9F /* Podfile */ = {isa = PBXFileReference; fileEncoding = 4; lastKnownFileType = text; path = Podfile; sourceTree = "<group>"; };
		A254B8C01B8E318300D9235E /* CLAnimatedLabel.h */ = {isa = PBXFileReference; fileEncoding = 4; lastKnownFileType = sourcecode.c.h; name = CLAnimatedLabel.h; path = "Custom UI/CLAnimatedLabel.h"; sourceTree = "<group>"; };
		A254B8C11B8E318300D9235E /* CLAnimatedLabel.m */ = {isa = PBXFileReference; fileEncoding = 4; lastKnownFileType = sourcecode.c.objc; name = CLAnimatedLabel.m; path = "Custom UI/CLAnimatedLabel.m"; sourceTree = "<group>"; };
		A256F4531B8E60C60060FAC8 /* LevelsList.plist */ = {isa = PBXFileReference; fileEncoding = 4; lastKnownFileType = text.plist.xml; name = LevelsList.plist; path = Resources/LevelsList.plist; sourceTree = "<group>"; };
		A27AD2841B8E39A800882B62 /* Halo.ttf */ = {isa = PBXFileReference; lastKnownFileType = file; name = Halo.ttf; path = Resources/Fonts/Halo.ttf; sourceTree = "<group>"; };
		A2DD528F1B8DCFFD000AAABF /* CLLevelsInfoViewController.h */ = {isa = PBXFileReference; fileEncoding = 4; lastKnownFileType = sourcecode.c.h; path = CLLevelsInfoViewController.h; sourceTree = "<group>"; };
		A2DD52901B8DCFFD000AAABF /* CLLevelsInfoViewController.m */ = {isa = PBXFileReference; fileEncoding = 4; lastKnownFileType = sourcecode.c.objc; path = CLLevelsInfoViewController.m; sourceTree = "<group>"; };
/* End PBXFileReference section */

/* Begin PBXFrameworksBuildPhase section */
		A215C0371B8CD7D90078BE6C /* Frameworks */ = {
			isa = PBXFrameworksBuildPhase;
			buildActionMask = 2147483647;
			files = (
				4AFF9B975817E102AB53F87E /* libPods-Clicker.a in Frameworks */,
			);
			runOnlyForDeploymentPostprocessing = 0;
		};
		A215C0501B8CD7DA0078BE6C /* Frameworks */ = {
			isa = PBXFrameworksBuildPhase;
			buildActionMask = 2147483647;
			files = (
			);
			runOnlyForDeploymentPostprocessing = 0;
		};
/* End PBXFrameworksBuildPhase section */

/* Begin PBXGroup section */
		84CC7205936DF77224748FE1 /* Frameworks */ = {
			isa = PBXGroup;
			children = (
				1CE58A73FB32607A06615529 /* libPods-Clicker.a */,
			);
			name = Frameworks;
			sourceTree = "<group>";
		};
		A215C0311B8CD7D90078BE6C = {
			isa = PBXGroup;
			children = (
				A215C03C1B8CD7D90078BE6C /* Clicker */,
				A215C0561B8CD7DA0078BE6C /* ClickerTests */,
				A215C03B1B8CD7D90078BE6C /* Products */,
				A23C73BC1B8F21AC00D49F9F /* Podfile */,
				FCBA30D36A2AA7B6911B7884 /* Pods */,
				84CC7205936DF77224748FE1 /* Frameworks */,
			);
			sourceTree = "<group>";
		};
		A215C03B1B8CD7D90078BE6C /* Products */ = {
			isa = PBXGroup;
			children = (
				A215C03A1B8CD7D90078BE6C /* Clicker.app */,
				A215C0531B8CD7DA0078BE6C /* ClickerTests.xctest */,
			);
			name = Products;
			sourceTree = "<group>";
		};
		A215C03C1B8CD7D90078BE6C /* Clicker */ = {
			isa = PBXGroup;
			children = (
				A23C73AE1B8F099300D49F9F /* Logic */,
				A254B8BF1B8E313400D9235E /* Custom UI */,
				A22216421B8DA28000B9C5A1 /* Controllers */,
				A22216431B8DA29500B9C5A1 /* Views */,
				A215C0411B8CD7DA0078BE6C /* CLAppDelegate.h */,
				A215C0421B8CD7DA0078BE6C /* CLAppDelegate.m */,
				A215C04A1B8CD7DA0078BE6C /* Images.xcassets */,
				A215C04C1B8CD7DA0078BE6C /* LaunchScreen.xib */,
				A27AD2821B8E397800882B62 /* Resources */,
				A215C03D1B8CD7DA0078BE6C /* Supporting Files */,
			);
			path = Clicker;
			sourceTree = "<group>";
		};
		A215C03D1B8CD7DA0078BE6C /* Supporting Files */ = {
			isa = PBXGroup;
			children = (
				A215C03E1B8CD7DA0078BE6C /* Info.plist */,
				A215C03F1B8CD7DA0078BE6C /* main.m */,
				A256F4531B8E60C60060FAC8 /* LevelsList.plist */,
			);
			name = "Supporting Files";
			sourceTree = "<group>";
		};
		A215C0561B8CD7DA0078BE6C /* ClickerTests */ = {
			isa = PBXGroup;
			children = (
				A215C0591B8CD7DA0078BE6C /* ClickerTests.m */,
				A215C0571B8CD7DA0078BE6C /* Supporting Files */,
			);
			path = ClickerTests;
			sourceTree = "<group>";
		};
		A215C0571B8CD7DA0078BE6C /* Supporting Files */ = {
			isa = PBXGroup;
			children = (
				A215C0581B8CD7DA0078BE6C /* Info.plist */,
			);
			name = "Supporting Files";
			sourceTree = "<group>";
		};
		A22216421B8DA28000B9C5A1 /* Controllers */ = {
			isa = PBXGroup;
			children = (
				A215C0441B8CD7DA0078BE6C /* CLGameViewController.h */,
				A215C0451B8CD7DA0078BE6C /* CLGameViewController.m */,
				A2DD528F1B8DCFFD000AAABF /* CLLevelsInfoViewController.h */,
				A2DD52901B8DCFFD000AAABF /* CLLevelsInfoViewController.m */,
			);
			path = Controllers;
			sourceTree = "<group>";
		};
		A22216431B8DA29500B9C5A1 /* Views */ = {
			isa = PBXGroup;
			children = (
				A215C0471B8CD7DA0078BE6C /* Main.storyboard */,
			);
			name = Views;
			sourceTree = "<group>";
		};
		A23C73AE1B8F099300D49F9F /* Logic */ = {
			isa = PBXGroup;
			children = (
				A23C73B21B8F1DCB00D49F9F /* GameManager */,
				A23C73B31B8F1E3800D49F9F /* CLGameConstants.h */,
			);
			name = Logic;
			sourceTree = "<group>";
		};
		A23C73B21B8F1DCB00D49F9F /* GameManager */ = {
			isa = PBXGroup;
			children = (
				A23C73AF1B8F09F100D49F9F /* CLGameManager.h */,
				A23C73B01B8F09F100D49F9F /* CLGameManager.m */,
			);
			name = GameManager;
			sourceTree = "<group>";
		};
		A254B8BF1B8E313400D9235E /* Custom UI */ = {
			isa = PBXGroup;
			children = (
				A254B8C01B8E318300D9235E /* CLAnimatedLabel.h */,
				A254B8C11B8E318300D9235E /* CLAnimatedLabel.m */,
			);
			name = "Custom UI";
			sourceTree = "<group>";
		};
		A27AD2821B8E397800882B62 /* Resources */ = {
			isa = PBXGroup;
			children = (
				A27AD2831B8E398900882B62 /* Fonts */,
			);
			name = Resources;
			sourceTree = "<group>";
		};
		A27AD2831B8E398900882B62 /* Fonts */ = {
			isa = PBXGroup;
			children = (
				A27AD2841B8E39A800882B62 /* Halo.ttf */,
			);
			name = Fonts;
			sourceTree = "<group>";
		};
		FCBA30D36A2AA7B6911B7884 /* Pods */ = {
			isa = PBXGroup;
			children = (
				0F4A0B3CA4CC1EB8E9B1325E /* Pods-Clicker.debug.xcconfig */,
				989ACD256FB3F98871498D6A /* Pods-Clicker.release.xcconfig */,
			);
			name = Pods;
			sourceTree = "<group>";
		};
/* End PBXGroup section */

/* Begin PBXNativeTarget section */
		A215C0391B8CD7D90078BE6C /* Clicker */ = {
			isa = PBXNativeTarget;
			buildConfigurationList = A215C05D1B8CD7DA0078BE6C /* Build configuration list for PBXNativeTarget "Clicker" */;
			buildPhases = (
				011B9C4889C5E31C9E6348BB /* Check Pods Manifest.lock */,
				A215C0361B8CD7D90078BE6C /* Sources */,
				A215C0371B8CD7D90078BE6C /* Frameworks */,
				A215C0381B8CD7D90078BE6C /* Resources */,
				091077630295BB0180731D5C /* Copy Pods Resources */,
			);
			buildRules = (
			);
			dependencies = (
			);
			name = Clicker;
			productName = Clicker;
			productReference = A215C03A1B8CD7D90078BE6C /* Clicker.app */;
			productType = "com.apple.product-type.application";
		};
		A215C0521B8CD7DA0078BE6C /* ClickerTests */ = {
			isa = PBXNativeTarget;
			buildConfigurationList = A215C0601B8CD7DA0078BE6C /* Build configuration list for PBXNativeTarget "ClickerTests" */;
			buildPhases = (
				A215C04F1B8CD7DA0078BE6C /* Sources */,
				A215C0501B8CD7DA0078BE6C /* Frameworks */,
				A215C0511B8CD7DA0078BE6C /* Resources */,
			);
			buildRules = (
			);
			dependencies = (
				A215C0551B8CD7DA0078BE6C /* PBXTargetDependency */,
			);
			name = ClickerTests;
			productName = ClickerTests;
			productReference = A215C0531B8CD7DA0078BE6C /* ClickerTests.xctest */;
			productType = "com.apple.product-type.bundle.unit-test";
		};
/* End PBXNativeTarget section */

/* Begin PBXProject section */
		A215C0321B8CD7D90078BE6C /* Project object */ = {
			isa = PBXProject;
			attributes = {
				LastUpgradeCheck = 0620;
				ORGANIZATIONNAME = PaRaDoX;
				TargetAttributes = {
					A215C0391B8CD7D90078BE6C = {
						CreatedOnToolsVersion = 6.2;
					};
					A215C0521B8CD7DA0078BE6C = {
						CreatedOnToolsVersion = 6.2;
						TestTargetID = A215C0391B8CD7D90078BE6C;
					};
				};
			};
			buildConfigurationList = A215C0351B8CD7D90078BE6C /* Build configuration list for PBXProject "Clicker" */;
			compatibilityVersion = "Xcode 3.2";
			developmentRegion = English;
			hasScannedForEncodings = 0;
			knownRegions = (
				en,
				Base,
			);
			mainGroup = A215C0311B8CD7D90078BE6C;
			productRefGroup = A215C03B1B8CD7D90078BE6C /* Products */;
			projectDirPath = "";
			projectRoot = "";
			targets = (
				A215C0391B8CD7D90078BE6C /* Clicker */,
				A215C0521B8CD7DA0078BE6C /* ClickerTests */,
			);
		};
/* End PBXProject section */

/* Begin PBXResourcesBuildPhase section */
		A215C0381B8CD7D90078BE6C /* Resources */ = {
			isa = PBXResourcesBuildPhase;
			buildActionMask = 2147483647;
			files = (
				A23C73BD1B8F21AC00D49F9F /* Podfile in Resources */,
				A27AD2851B8E39A800882B62 /* Halo.ttf in Resources */,
				A215C0491B8CD7DA0078BE6C /* Main.storyboard in Resources */,
				A256F4541B8E60C60060FAC8 /* LevelsList.plist in Resources */,
				A215C04E1B8CD7DA0078BE6C /* LaunchScreen.xib in Resources */,
				A215C04B1B8CD7DA0078BE6C /* Images.xcassets in Resources */,
			);
			runOnlyForDeploymentPostprocessing = 0;
		};
		A215C0511B8CD7DA0078BE6C /* Resources */ = {
			isa = PBXResourcesBuildPhase;
			buildActionMask = 2147483647;
			files = (
			);
			runOnlyForDeploymentPostprocessing = 0;
		};
/* End PBXResourcesBuildPhase section */

/* Begin PBXShellScriptBuildPhase section */
		011B9C4889C5E31C9E6348BB /* Check Pods Manifest.lock */ = {
			isa = PBXShellScriptBuildPhase;
			buildActionMask = 2147483647;
			files = (
			);
			inputPaths = (
			);
			name = "Check Pods Manifest.lock";
			outputPaths = (
			);
			runOnlyForDeploymentPostprocessing = 0;
			shellPath = /bin/sh;
			shellScript = "diff \"${PODS_ROOT}/../Podfile.lock\" \"${PODS_ROOT}/Manifest.lock\" > /dev/null\nif [[ $? != 0 ]] ; then\n    cat << EOM\nerror: The sandbox is not in sync with the Podfile.lock. Run 'pod install' or update your CocoaPods installation.\nEOM\n    exit 1\nfi\n";
			showEnvVarsInLog = 0;
		};
		091077630295BB0180731D5C /* Copy Pods Resources */ = {
			isa = PBXShellScriptBuildPhase;
			buildActionMask = 2147483647;
			files = (
			);
			inputPaths = (
			);
			name = "Copy Pods Resources";
			outputPaths = (
			);
			runOnlyForDeploymentPostprocessing = 0;
			shellPath = /bin/sh;
			shellScript = "\"${SRCROOT}/Pods/Target Support Files/Pods-Clicker/Pods-Clicker-resources.sh\"\n";
			showEnvVarsInLog = 0;
		};
/* End PBXShellScriptBuildPhase section */

/* Begin PBXSourcesBuildPhase section */
		A215C0361B8CD7D90078BE6C /* Sources */ = {
			isa = PBXSourcesBuildPhase;
			buildActionMask = 2147483647;
			files = (
				A254B8C21B8E318300D9235E /* CLAnimatedLabel.m in Sources */,
				A2DD52911B8DCFFD000AAABF /* CLLevelsInfoViewController.m in Sources */,
				A215C0461B8CD7DA0078BE6C /* CLGameViewController.m in Sources */,
				A215C0431B8CD7DA0078BE6C /* CLAppDelegate.m in Sources */,
				A23C73B11B8F09F100D49F9F /* CLGameManager.m in Sources */,
				A215C0401B8CD7DA0078BE6C /* main.m in Sources */,
			);
			runOnlyForDeploymentPostprocessing = 0;
		};
		A215C04F1B8CD7DA0078BE6C /* Sources */ = {
			isa = PBXSourcesBuildPhase;
			buildActionMask = 2147483647;
			files = (
				A215C05A1B8CD7DA0078BE6C /* ClickerTests.m in Sources */,
			);
			runOnlyForDeploymentPostprocessing = 0;
		};
/* End PBXSourcesBuildPhase section */

/* Begin PBXTargetDependency section */
		A215C0551B8CD7DA0078BE6C /* PBXTargetDependency */ = {
			isa = PBXTargetDependency;
			target = A215C0391B8CD7D90078BE6C /* Clicker */;
			targetProxy = A215C0541B8CD7DA0078BE6C /* PBXContainerItemProxy */;
		};
/* End PBXTargetDependency section */

/* Begin PBXVariantGroup section */
		A215C0471B8CD7DA0078BE6C /* Main.storyboard */ = {
			isa = PBXVariantGroup;
			children = (
				A215C0481B8CD7DA0078BE6C /* Base */,
			);
			name = Main.storyboard;
			sourceTree = "<group>";
		};
		A215C04C1B8CD7DA0078BE6C /* LaunchScreen.xib */ = {
			isa = PBXVariantGroup;
			children = (
				A215C04D1B8CD7DA0078BE6C /* Base */,
			);
			name = LaunchScreen.xib;
			sourceTree = "<group>";
		};
/* End PBXVariantGroup section */

/* Begin XCBuildConfiguration section */
		A215C05B1B8CD7DA0078BE6C /* Debug */ = {
			isa = XCBuildConfiguration;
			buildSettings = {
				ALWAYS_SEARCH_USER_PATHS = NO;
				CLANG_CXX_LANGUAGE_STANDARD = "gnu++0x";
				CLANG_CXX_LIBRARY = "libc++";
				CLANG_ENABLE_MODULES = YES;
				CLANG_ENABLE_OBJC_ARC = YES;
				CLANG_WARN_BOOL_CONVERSION = YES;
				CLANG_WARN_CONSTANT_CONVERSION = YES;
				CLANG_WARN_DIRECT_OBJC_ISA_USAGE = YES_ERROR;
				CLANG_WARN_EMPTY_BODY = YES;
				CLANG_WARN_ENUM_CONVERSION = YES;
				CLANG_WARN_INT_CONVERSION = YES;
				CLANG_WARN_OBJC_ROOT_CLASS = YES_ERROR;
				CLANG_WARN_UNREACHABLE_CODE = YES;
				CLANG_WARN__DUPLICATE_METHOD_MATCH = YES;
				"CODE_SIGN_IDENTITY[sdk=iphoneos*]" = "iPhone Developer";
				COPY_PHASE_STRIP = NO;
				ENABLE_STRICT_OBJC_MSGSEND = YES;
				GCC_C_LANGUAGE_STANDARD = gnu99;
				GCC_DYNAMIC_NO_PIC = NO;
				GCC_OPTIMIZATION_LEVEL = 0;
				GCC_PREPROCESSOR_DEFINITIONS = (
					"DEBUG=1",
					"$(inherited)",
				);
				GCC_SYMBOLS_PRIVATE_EXTERN = NO;
				GCC_WARN_64_TO_32_BIT_CONVERSION = YES;
				GCC_WARN_ABOUT_RETURN_TYPE = YES_ERROR;
				GCC_WARN_UNDECLARED_SELECTOR = YES;
				GCC_WARN_UNINITIALIZED_AUTOS = YES_AGGRESSIVE;
				GCC_WARN_UNUSED_FUNCTION = YES;
				GCC_WARN_UNUSED_VARIABLE = YES;
				IPHONEOS_DEPLOYMENT_TARGET = 8.2;
				MTL_ENABLE_DEBUG_INFO = YES;
				ONLY_ACTIVE_ARCH = YES;
				SDKROOT = iphoneos;
				TARGETED_DEVICE_FAMILY = "1,2";
			};
			name = Debug;
		};
		A215C05C1B8CD7DA0078BE6C /* Release */ = {
			isa = XCBuildConfiguration;
			buildSettings = {
				ALWAYS_SEARCH_USER_PATHS = NO;
				CLANG_CXX_LANGUAGE_STANDARD = "gnu++0x";
				CLANG_CXX_LIBRARY = "libc++";
				CLANG_ENABLE_MODULES = YES;
				CLANG_ENABLE_OBJC_ARC = YES;
				CLANG_WARN_BOOL_CONVERSION = YES;
				CLANG_WARN_CONSTANT_CONVERSION = YES;
				CLANG_WARN_DIRECT_OBJC_ISA_USAGE = YES_ERROR;
				CLANG_WARN_EMPTY_BODY = YES;
				CLANG_WARN_ENUM_CONVERSION = YES;
				CLANG_WARN_INT_CONVERSION = YES;
				CLANG_WARN_OBJC_ROOT_CLASS = YES_ERROR;
				CLANG_WARN_UNREACHABLE_CODE = YES;
				CLANG_WARN__DUPLICATE_METHOD_MATCH = YES;
				"CODE_SIGN_IDENTITY[sdk=iphoneos*]" = "iPhone Developer";
				COPY_PHASE_STRIP = NO;
				ENABLE_NS_ASSERTIONS = NO;
				ENABLE_STRICT_OBJC_MSGSEND = YES;
				GCC_C_LANGUAGE_STANDARD = gnu99;
				GCC_WARN_64_TO_32_BIT_CONVERSION = YES;
				GCC_WARN_ABOUT_RETURN_TYPE = YES_ERROR;
				GCC_WARN_UNDECLARED_SELECTOR = YES;
				GCC_WARN_UNINITIALIZED_AUTOS = YES_AGGRESSIVE;
				GCC_WARN_UNUSED_FUNCTION = YES;
				GCC_WARN_UNUSED_VARIABLE = YES;
				IPHONEOS_DEPLOYMENT_TARGET = 8.2;
				MTL_ENABLE_DEBUG_INFO = NO;
				SDKROOT = iphoneos;
				TARGETED_DEVICE_FAMILY = "1,2";
				VALIDATE_PRODUCT = YES;
			};
			name = Release;
		};
		A215C05E1B8CD7DA0078BE6C /* Debug */ = {
			isa = XCBuildConfiguration;
			baseConfigurationReference = 0F4A0B3CA4CC1EB8E9B1325E /* Pods-Clicker.debug.xcconfig */;
			buildSettings = {
				ASSETCATALOG_COMPILER_APPICON_NAME = AppIcon;
				INFOPLIST_FILE = Clicker/Info.plist;
				IPHONEOS_DEPLOYMENT_TARGET = 8.2;
				LD_RUNPATH_SEARCH_PATHS = "$(inherited) @executable_path/Frameworks";
				PRODUCT_NAME = "$(TARGET_NAME)";
				TARGETED_DEVICE_FAMILY = "1,2";
			};
			name = Debug;
		};
		A215C05F1B8CD7DA0078BE6C /* Release */ = {
			isa = XCBuildConfiguration;
			baseConfigurationReference = 989ACD256FB3F98871498D6A /* Pods-Clicker.release.xcconfig */;
			buildSettings = {
				ASSETCATALOG_COMPILER_APPICON_NAME = AppIcon;
				INFOPLIST_FILE = Clicker/Info.plist;
				IPHONEOS_DEPLOYMENT_TARGET = 8.2;
				LD_RUNPATH_SEARCH_PATHS = "$(inherited) @executable_path/Frameworks";
				PRODUCT_NAME = "$(TARGET_NAME)";
				TARGETED_DEVICE_FAMILY = "1,2";
			};
			name = Release;
		};
		A215C0611B8CD7DA0078BE6C /* Debug */ = {
			isa = XCBuildConfiguration;
			buildSettings = {
				BUNDLE_LOADER = "$(TEST_HOST)";
				FRAMEWORK_SEARCH_PATHS = (
					"$(SDKROOT)/Developer/Library/Frameworks",
					"$(inherited)",
				);
				GCC_PREPROCESSOR_DEFINITIONS = (
					"DEBUG=1",
					"$(inherited)",
				);
				INFOPLIST_FILE = ClickerTests/Info.plist;
				LD_RUNPATH_SEARCH_PATHS = "$(inherited) @executable_path/Frameworks @loader_path/Frameworks";
				PRODUCT_NAME = "$(TARGET_NAME)";
				TEST_HOST = "$(BUILT_PRODUCTS_DIR)/Clicker.app/Clicker";
			};
			name = Debug;
		};
		A215C0621B8CD7DA0078BE6C /* Release */ = {
			isa = XCBuildConfiguration;
			buildSettings = {
				BUNDLE_LOADER = "$(TEST_HOST)";
				FRAMEWORK_SEARCH_PATHS = (
					"$(SDKROOT)/Developer/Library/Frameworks",
					"$(inherited)",
				);
				INFOPLIST_FILE = ClickerTests/Info.plist;
				LD_RUNPATH_SEARCH_PATHS = "$(inherited) @executable_path/Frameworks @loader_path/Frameworks";
				PRODUCT_NAME = "$(TARGET_NAME)";
				TEST_HOST = "$(BUILT_PRODUCTS_DIR)/Clicker.app/Clicker";
			};
			name = Release;
		};
/* End XCBuildConfiguration section */

/* Begin XCConfigurationList section */
		A215C0351B8CD7D90078BE6C /* Build configuration list for PBXProject "Clicker" */ = {
			isa = XCConfigurationList;
			buildConfigurations = (
				A215C05B1B8CD7DA0078BE6C /* Debug */,
				A215C05C1B8CD7DA0078BE6C /* Release */,
			);
			defaultConfigurationIsVisible = 0;
			defaultConfigurationName = Release;
		};
		A215C05D1B8CD7DA0078BE6C /* Build configuration list for PBXNativeTarget "Clicker" */ = {
			isa = XCConfigurationList;
			buildConfigurations = (
				A215C05E1B8CD7DA0078BE6C /* Debug */,
				A215C05F1B8CD7DA0078BE6C /* Release */,
			);
			defaultConfigurationIsVisible = 0;
			defaultConfigurationName = Release;
		};
		A215C0601B8CD7DA0078BE6C /* Build configuration list for PBXNativeTarget "ClickerTests" */ = {
			isa = XCConfigurationList;
			buildConfigurations = (
				A215C0611B8CD7DA0078BE6C /* Debug */,
				A215C0621B8CD7DA0078BE6C /* Release */,
			);
			defaultConfigurationIsVisible = 0;
			defaultConfigurationName = Release;
		};
/* End XCConfigurationList section */
	};
	rootObject = A215C0321B8CD7D90078BE6C /* Project object */;
}
